
Microsoft Visual Studio Solution File, Format Version 12.00
# Visual Studio Version 16
VisualStudioVersion = 16.0.30523.141
MinimumVisualStudioVersion = 15.0.26124.0
Project("{9A19103F-16F7-4668-BE54-9A1E7A4F7556}") = "api", "api\api.csproj", "{565CB561-ACDF-4D9A-B62E-EAF49E1973B0}"
EndProject
Project("{9A19103F-16F7-4668-BE54-9A1E7A4F7556}") = "api.test", "api.test\api.test.csproj", "{86367CEF-DC67-4124-B6A5-BCCCD095654F}"
EndProject
Global
	GlobalSection(SolutionConfigurationPlatforms) = preSolution
		Debug|Any CPU = Debug|Any CPU
		Debug|x64 = Debug|x64
		Debug|x86 = Debug|x86
		Release|Any CPU = Release|Any CPU
		Release|x64 = Release|x64
		Release|x86 = Release|x86
	EndGlobalSection
	GlobalSection(ProjectConfigurationPlatforms) = postSolution
		{565CB561-ACDF-4D9A-B62E-EAF49E1973B0}.Debug|Any CPU.ActiveCfg = Debug|Any CPU
		{565CB561-ACDF-4D9A-B62E-EAF49E1973B0}.Debug|Any CPU.Build.0 = Debug|Any CPU
		{565CB561-ACDF-4D9A-B62E-EAF49E1973B0}.Debug|x64.ActiveCfg = Debug|Any CPU
		{565CB561-ACDF-4D9A-B62E-EAF49E1973B0}.Debug|x64.Build.0 = Debug|Any CPU
		{565CB561-ACDF-4D9A-B62E-EAF49E1973B0}.Debug|x86.ActiveCfg = Debug|Any CPU
		{565CB561-ACDF-4D9A-B62E-EAF49E1973B0}.Debug|x86.Build.0 = Debug|Any CPU
		{565CB561-ACDF-4D9A-B62E-EAF49E1973B0}.Release|Any CPU.ActiveCfg = Release|Any CPU
		{565CB561-ACDF-4D9A-B62E-EAF49E1973B0}.Release|Any CPU.Build.0 = Release|Any CPU
		{565CB561-ACDF-4D9A-B62E-EAF49E1973B0}.Release|x64.ActiveCfg = Release|Any CPU
		{565CB561-ACDF-4D9A-B62E-EAF49E1973B0}.Release|x64.Build.0 = Release|Any CPU
		{565CB561-ACDF-4D9A-B62E-EAF49E1973B0}.Release|x86.ActiveCfg = Release|Any CPU
		{565CB561-ACDF-4D9A-B62E-EAF49E1973B0}.Release|x86.Build.0 = Release|Any CPU
		{86367CEF-DC67-4124-B6A5-BCCCD095654F}.Debug|Any CPU.ActiveCfg = Debug|Any CPU
		{86367CEF-DC67-4124-B6A5-BCCCD095654F}.Debug|Any CPU.Build.0 = Debug|Any CPU
		{86367CEF-DC67-4124-B6A5-BCCCD095654F}.Debug|x64.ActiveCfg = Debug|Any CPU
		{86367CEF-DC67-4124-B6A5-BCCCD095654F}.Debug|x64.Build.0 = Debug|Any CPU
		{86367CEF-DC67-4124-B6A5-BCCCD095654F}.Debug|x86.ActiveCfg = Debug|Any CPU
		{86367CEF-DC67-4124-B6A5-BCCCD095654F}.Debug|x86.Build.0 = Debug|Any CPU
		{86367CEF-DC67-4124-B6A5-BCCCD095654F}.Release|Any CPU.ActiveCfg = Release|Any CPU
		{86367CEF-DC67-4124-B6A5-BCCCD095654F}.Release|Any CPU.Build.0 = Release|Any CPU
		{86367CEF-DC67-4124-B6A5-BCCCD095654F}.Release|x64.ActiveCfg = Release|Any CPU
		{86367CEF-DC67-4124-B6A5-BCCCD095654F}.Release|x64.Build.0 = Release|Any CPU
		{86367CEF-DC67-4124-B6A5-BCCCD095654F}.Release|x86.ActiveCfg = Release|Any CPU
		{86367CEF-DC67-4124-B6A5-BCCCD095654F}.Release|x86.Build.0 = Release|Any CPU
	EndGlobalSection
	GlobalSection(SolutionProperties) = preSolution
		HideSolutionNode = FALSE
	EndGlobalSection
	GlobalSection(ExtensibilityGlobals) = postSolution
		SolutionGuid = {4868DEB6-D559-4E4F-9A7A-656BD20EC975}
	EndGlobalSection
EndGlobal
